
Microsoft Visual Studio Solution File, Format Version 12.00
Project("{2150E333-8FDC-42A3-9474-1A3956D46DE8}") = "src", "src", "{F8926A51-30A7-423F-ABBB-A7AFE64FF234}"
EndProject
Project("{2150E333-8FDC-42A3-9474-1A3956D46DE8}") = "tests", "tests", "{B8F9A629-D7FD-442F-A94B-48BA3E70BAD0}"
EndProject
Project("{2150E333-8FDC-42A3-9474-1A3956D46DE8}") = "Backend", "Backend", "{30BF6265-B114-4202-81F9-464DD4A7FCB9}"
EndProject
Project("{2150E333-8FDC-42A3-9474-1A3956D46DE8}") = "Shared", "Shared", "{F2D87411-5882-4CE0-8D6A-AF964BCED960}"
EndProject
Project("{FAE04EC0-301F-11D3-BF4B-00C04F79EFBC}") = "MyRecipeBook.Application", "src\Backend\MyRecipeBook.Application\MyRecipeBook.Application.csproj", "{6F3C49FF-03F5-45FD-880F-86BCE9337042}"
EndProject
Project("{FAE04EC0-301F-11D3-BF4B-00C04F79EFBC}") = "MyRecipeBook.Infrastructure", "src\Backend\MyRecipeBook.Infrastructure\MyRecipeBook.Infrastructure.csproj", "{E2008092-BA03-4090-B00F-E5AF3F60CFDC}"
EndProject
Project("{FAE04EC0-301F-11D3-BF4B-00C04F79EFBC}") = "MyRecipeBook.Domain", "src\Backend\MyRecipeBook.Domain\MyRecipeBook.Domain.csproj", "{1683814F-B697-4BE9-8C8F-EBA39AA4280C}"
EndProject
Project("{FAE04EC0-301F-11D3-BF4B-00C04F79EFBC}") = "MyRecipeBook.API", "src\Backend\MyRecipeBook.API\MyRecipeBook.API.csproj", "{F79EF539-F53D-40E0-9137-2680EF840FFB}"
EndProject
Project("{FAE04EC0-301F-11D3-BF4B-00C04F79EFBC}") = "MyRecipeBook.Communication", "src\Shared\MyRecipeBook.Communication\MyRecipeBook.Communication.csproj", "{BC638A3D-4D20-4908-AAA9-DA6B311ACF50}"
EndProject
Project("{FAE04EC0-301F-11D3-BF4B-00C04F79EFBC}") = "MyRecipeBook.Exceptions", "src\Shared\MyRecipeBook.Exceptions\MyRecipeBook.Exceptions.csproj", "{78B30E41-F28B-4588-8079-A7F73B1FB626}"
EndProject
Project("{FAE04EC0-301F-11D3-BF4B-00C04F79EFBC}") = "MyRecipeBook.IOC", "src\Backend\MyRecipeBook.IOC\MyRecipeBook.IOC.csproj", "{6EF45305-61C4-421C-BE49-79DBA57A05B5}"
EndProject
Project("{FAE04EC0-301F-11D3-BF4B-00C04F79EFBC}") = "Validator.Test", "tests\Validator.Test\Validator.Test.csproj", "{C8988C9A-1A2B-494E-B98D-E2F2FA3C215C}"
EndProject
Project("{FAE04EC0-301F-11D3-BF4B-00C04F79EFBC}") = "CommonTestUtilities", "tests\CommonTestUtilities\CommonTestUtilities.csproj", "{D052C797-5DA7-46A9-8C01-8498E5D0D2A8}"
EndProject
Project("{FAE04EC0-301F-11D3-BF4B-00C04F79EFBC}") = "UseCase.Test", "tests\UseCase.Test\UseCase.Test.csproj", "{DCA03072-BA39-4D34-AFED-285153F8B26B}"
EndProject
Project("{FAE04EC0-301F-11D3-BF4B-00C04F79EFBC}") = "WebApi.Test", "tests\WebApi.Test\WebApi.Test.csproj", "{06E89C81-1EC8-4AD3-A2BF-65D093FAF36A}"
EndProject
Global
	GlobalSection(SolutionConfigurationPlatforms) = preSolution
		Debug|Any CPU = Debug|Any CPU
		Release|Any CPU = Release|Any CPU
	EndGlobalSection
	GlobalSection(NestedProjects) = preSolution
		{30BF6265-B114-4202-81F9-464DD4A7FCB9} = {F8926A51-30A7-423F-ABBB-A7AFE64FF234}
		{F2D87411-5882-4CE0-8D6A-AF964BCED960} = {F8926A51-30A7-423F-ABBB-A7AFE64FF234}
		{6F3C49FF-03F5-45FD-880F-86BCE9337042} = {30BF6265-B114-4202-81F9-464DD4A7FCB9}
		{E2008092-BA03-4090-B00F-E5AF3F60CFDC} = {30BF6265-B114-4202-81F9-464DD4A7FCB9}
		{1683814F-B697-4BE9-8C8F-EBA39AA4280C} = {30BF6265-B114-4202-81F9-464DD4A7FCB9}
		{F79EF539-F53D-40E0-9137-2680EF840FFB} = {30BF6265-B114-4202-81F9-464DD4A7FCB9}
		{BC638A3D-4D20-4908-AAA9-DA6B311ACF50} = {F2D87411-5882-4CE0-8D6A-AF964BCED960}
		{78B30E41-F28B-4588-8079-A7F73B1FB626} = {F2D87411-5882-4CE0-8D6A-AF964BCED960}
		{6EF45305-61C4-421C-BE49-79DBA57A05B5} = {30BF6265-B114-4202-81F9-464DD4A7FCB9}
		{C8988C9A-1A2B-494E-B98D-E2F2FA3C215C} = {B8F9A629-D7FD-442F-A94B-48BA3E70BAD0}
		{D052C797-5DA7-46A9-8C01-8498E5D0D2A8} = {B8F9A629-D7FD-442F-A94B-48BA3E70BAD0}
		{DCA03072-BA39-4D34-AFED-285153F8B26B} = {B8F9A629-D7FD-442F-A94B-48BA3E70BAD0}
		{06E89C81-1EC8-4AD3-A2BF-65D093FAF36A} = {B8F9A629-D7FD-442F-A94B-48BA3E70BAD0}
	EndGlobalSection
	GlobalSection(ProjectConfigurationPlatforms) = postSolution
		{6F3C49FF-03F5-45FD-880F-86BCE9337042}.Debug|Any CPU.ActiveCfg = Debug|Any CPU
		{6F3C49FF-03F5-45FD-880F-86BCE9337042}.Debug|Any CPU.Build.0 = Debug|Any CPU
		{6F3C49FF-03F5-45FD-880F-86BCE9337042}.Release|Any CPU.ActiveCfg = Release|Any CPU
		{6F3C49FF-03F5-45FD-880F-86BCE9337042}.Release|Any CPU.Build.0 = Release|Any CPU
		{E2008092-BA03-4090-B00F-E5AF3F60CFDC}.Debug|Any CPU.ActiveCfg = Debug|Any CPU
		{E2008092-BA03-4090-B00F-E5AF3F60CFDC}.Debug|Any CPU.Build.0 = Debug|Any CPU
		{E2008092-BA03-4090-B00F-E5AF3F60CFDC}.Release|Any CPU.ActiveCfg = Release|Any CPU
		{E2008092-BA03-4090-B00F-E5AF3F60CFDC}.Release|Any CPU.Build.0 = Release|Any CPU
		{1683814F-B697-4BE9-8C8F-EBA39AA4280C}.Debug|Any CPU.ActiveCfg = Debug|Any CPU
		{1683814F-B697-4BE9-8C8F-EBA39AA4280C}.Debug|Any CPU.Build.0 = Debug|Any CPU
		{1683814F-B697-4BE9-8C8F-EBA39AA4280C}.Release|Any CPU.ActiveCfg = Release|Any CPU
		{1683814F-B697-4BE9-8C8F-EBA39AA4280C}.Release|Any CPU.Build.0 = Release|Any CPU
		{F79EF539-F53D-40E0-9137-2680EF840FFB}.Debug|Any CPU.ActiveCfg = Debug|Any CPU
		{F79EF539-F53D-40E0-9137-2680EF840FFB}.Debug|Any CPU.Build.0 = Debug|Any CPU
		{F79EF539-F53D-40E0-9137-2680EF840FFB}.Release|Any CPU.ActiveCfg = Release|Any CPU
		{F79EF539-F53D-40E0-9137-2680EF840FFB}.Release|Any CPU.Build.0 = Release|Any CPU
		{BC638A3D-4D20-4908-AAA9-DA6B311ACF50}.Debug|Any CPU.ActiveCfg = Debug|Any CPU
		{BC638A3D-4D20-4908-AAA9-DA6B311ACF50}.Debug|Any CPU.Build.0 = Debug|Any CPU
		{BC638A3D-4D20-4908-AAA9-DA6B311ACF50}.Release|Any CPU.ActiveCfg = Release|Any CPU
		{BC638A3D-4D20-4908-AAA9-DA6B311ACF50}.Release|Any CPU.Build.0 = Release|Any CPU
		{78B30E41-F28B-4588-8079-A7F73B1FB626}.Debug|Any CPU.ActiveCfg = Debug|Any CPU
		{78B30E41-F28B-4588-8079-A7F73B1FB626}.Debug|Any CPU.Build.0 = Debug|Any CPU
		{78B30E41-F28B-4588-8079-A7F73B1FB626}.Release|Any CPU.ActiveCfg = Release|Any CPU
		{78B30E41-F28B-4588-8079-A7F73B1FB626}.Release|Any CPU.Build.0 = Release|Any CPU
		{6EF45305-61C4-421C-BE49-79DBA57A05B5}.Debug|Any CPU.ActiveCfg = Debug|Any CPU
		{6EF45305-61C4-421C-BE49-79DBA57A05B5}.Debug|Any CPU.Build.0 = Debug|Any CPU
		{6EF45305-61C4-421C-BE49-79DBA57A05B5}.Release|Any CPU.ActiveCfg = Release|Any CPU
		{6EF45305-61C4-421C-BE49-79DBA57A05B5}.Release|Any CPU.Build.0 = Release|Any CPU
		{C8988C9A-1A2B-494E-B98D-E2F2FA3C215C}.Debug|Any CPU.ActiveCfg = Debug|Any CPU
		{C8988C9A-1A2B-494E-B98D-E2F2FA3C215C}.Debug|Any CPU.Build.0 = Debug|Any CPU
		{C8988C9A-1A2B-494E-B98D-E2F2FA3C215C}.Release|Any CPU.ActiveCfg = Release|Any CPU
		{C8988C9A-1A2B-494E-B98D-E2F2FA3C215C}.Release|Any CPU.Build.0 = Release|Any CPU
		{D052C797-5DA7-46A9-8C01-8498E5D0D2A8}.Debug|Any CPU.ActiveCfg = Debug|Any CPU
		{D052C797-5DA7-46A9-8C01-8498E5D0D2A8}.Debug|Any CPU.Build.0 = Debug|Any CPU
		{D052C797-5DA7-46A9-8C01-8498E5D0D2A8}.Release|Any CPU.ActiveCfg = Release|Any CPU
		{D052C797-5DA7-46A9-8C01-8498E5D0D2A8}.Release|Any CPU.Build.0 = Release|Any CPU
		{DCA03072-BA39-4D34-AFED-285153F8B26B}.Debug|Any CPU.ActiveCfg = Debug|Any CPU
		{DCA03072-BA39-4D34-AFED-285153F8B26B}.Debug|Any CPU.Build.0 = Debug|Any CPU
		{DCA03072-BA39-4D34-AFED-285153F8B26B}.Release|Any CPU.ActiveCfg = Release|Any CPU
		{DCA03072-BA39-4D34-AFED-285153F8B26B}.Release|Any CPU.Build.0 = Release|Any CPU
		{06E89C81-1EC8-4AD3-A2BF-65D093FAF36A}.Debug|Any CPU.ActiveCfg = Debug|Any CPU
		{06E89C81-1EC8-4AD3-A2BF-65D093FAF36A}.Debug|Any CPU.Build.0 = Debug|Any CPU
		{06E89C81-1EC8-4AD3-A2BF-65D093FAF36A}.Release|Any CPU.ActiveCfg = Release|Any CPU
		{06E89C81-1EC8-4AD3-A2BF-65D093FAF36A}.Release|Any CPU.Build.0 = Release|Any CPU
	EndGlobalSection
EndGlobal
